// !$*UTF8*$!
{
	archiveVersion = 1;
	classes = {
	};
	objectVersion = 56;
	objects = {

/* Begin PBXBuildFile section */
		789E1F0329B637BE002EE8C9 /* AppDelegate.swift in Sources */ = {isa = PBXBuildFile; fileRef = 789E1F0229B637BE002EE8C9 /* AppDelegate.swift */; };
		789E1F0529B637BE002EE8C9 /* SceneDelegate.swift in Sources */ = {isa = PBXBuildFile; fileRef = 789E1F0429B637BE002EE8C9 /* SceneDelegate.swift */; };
		789E1F0729B637BF002EE8C9 /* ViewController.swift in Sources */ = {isa = PBXBuildFile; fileRef = 789E1F0629B637BF002EE8C9 /* ViewController.swift */; };
		789E1F0A29B637BF002EE8C9 /* Main.storyboard in Resources */ = {isa = PBXBuildFile; fileRef = 789E1F0829B637BF002EE8C9 /* Main.storyboard */; };
		789E1F0C29B637BF002EE8C9 /* Assets.xcassets in Resources */ = {isa = PBXBuildFile; fileRef = 789E1F0B29B637BF002EE8C9 /* Assets.xcassets */; };
		789E1F0F29B637BF002EE8C9 /* LaunchScreen.storyboard in Resources */ = {isa = PBXBuildFile; fileRef = 789E1F0D29B637BF002EE8C9 /* LaunchScreen.storyboard */; };
		789E1F1729B74E69002EE8C9 /* TahminEkraniVC.swift in Sources */ = {isa = PBXBuildFile; fileRef = 789E1F1629B74E69002EE8C9 /* TahminEkraniVC.swift */; };
		789E1F1929B74EBB002EE8C9 /* SonucEkraniVC.swift in Sources */ = {isa = PBXBuildFile; fileRef = 789E1F1829B74EBB002EE8C9 /* SonucEkraniVC.swift */; };
/* End PBXBuildFile section */

/* Begin PBXFileReference section */
		789E1EFF29B637BE002EE8C9 /* SayiTahminiUygulamasi.app */ = {isa = PBXFileReference; explicitFileType = wrapper.application; includeInIndex = 0; path = SayiTahminiUygulamasi.app; sourceTree = BUILT_PRODUCTS_DIR; };
		789E1F0229B637BE002EE8C9 /* AppDelegate.swift */ = {isa = PBXFileReference; lastKnownFileType = sourcecode.swift; path = AppDelegate.swift; sourceTree = "<group>"; };
		789E1F0429B637BE002EE8C9 /* SceneDelegate.swift */ = {isa = PBXFileReference; lastKnownFileType = sourcecode.swift; path = SceneDelegate.swift; sourceTree = "<group>"; };
		789E1F0629B637BF002EE8C9 /* ViewController.swift */ = {isa = PBXFileReference; lastKnownFileType = sourcecode.swift; path = ViewController.swift; sourceTree = "<group>"; };
		789E1F0929B637BF002EE8C9 /* Base */ = {isa = PBXFileReference; lastKnownFileType = file.storyboard; name = Base; path = Base.lproj/Main.storyboard; sourceTree = "<group>"; };
		789E1F0B29B637BF002EE8C9 /* Assets.xcassets */ = {isa = PBXFileReference; lastKnownFileType = folder.assetcatalog; path = Assets.xcassets; sourceTree = "<group>"; };
		789E1F0E29B637BF002EE8C9 /* Base */ = {isa = PBXFileReference; lastKnownFileType = file.storyboard; name = Base; path = Base.lproj/LaunchScreen.storyboard; sourceTree = "<group>"; };
		789E1F1029B637BF002EE8C9 /* Info.plist */ = {isa = PBXFileReference; lastKnownFileType = text.plist.xml; path = Info.plist; sourceTree = "<group>"; };
		789E1F1629B74E69002EE8C9 /* TahminEkraniVC.swift */ = {isa = PBXFileReference; lastKnownFileType = sourcecode.swift; path = TahminEkraniVC.swift; sourceTree = "<group>"; };
		789E1F1829B74EBB002EE8C9 /* SonucEkraniVC.swift */ = {isa = PBXFileReference; lastKnownFileType = sourcecode.swift; path = SonucEkraniVC.swift; sourceTree = "<group>"; };
/* End PBXFileReference section */

/* Begin PBXFrameworksBuildPhase section */
		789E1EFC29B637BE002EE8C9 /* Frameworks */ = {
			isa = PBXFrameworksBuildPhase;
			buildActionMask = 2147483647;
			files = (
			);
			runOnlyForDeploymentPostprocessing = 0;
		};
/* End PBXFrameworksBuildPhase section */

/* Begin PBXGroup section */
		789E1EF629B637BE002EE8C9 = {
			isa = PBXGroup;
			children = (
				789E1F0129B637BE002EE8C9 /* SayiTahminiUygulamasi */,
				789E1F0029B637BE002EE8C9 /* Products */,
			);
			sourceTree = "<group>";
		};
		789E1F0029B637BE002EE8C9 /* Products */ = {
			isa = PBXGroup;
			children = (
				789E1EFF29B637BE002EE8C9 /* SayiTahminiUygulamasi.app */,
			);
			name = Products;
			sourceTree = "<group>";
		};
		789E1F0129B637BE002EE8C9 /* SayiTahminiUygulamasi */ = {
			isa = PBXGroup;
			children = (
				789E1F0229B637BE002EE8C9 /* AppDelegate.swift */,
				789E1F0429B637BE002EE8C9 /* SceneDelegate.swift */,
				789E1F0629B637BF002EE8C9 /* ViewController.swift */,
				789E1F1629B74E69002EE8C9 /* TahminEkraniVC.swift */,
				789E1F1829B74EBB002EE8C9 /* SonucEkraniVC.swift */,
				789E1F0829B637BF002EE8C9 /* Main.storyboard */,
				789E1F0B29B637BF002EE8C9 /* Assets.xcassets */,
				789E1F0D29B637BF002EE8C9 /* LaunchScreen.storyboard */,
				789E1F1029B637BF002EE8C9 /* Info.plist */,
			);
			path = SayiTahminiUygulamasi;
			sourceTree = "<group>";
		};
/* End PBXGroup section */

/* Begin PBXNativeTarget section */
		789E1EFE29B637BE002EE8C9 /* SayiTahminiUygulamasi */ = {
			isa = PBXNativeTarget;
			buildConfigurationList = 789E1F1329B637BF002EE8C9 /* Build configuration list for PBXNativeTarget "SayiTahminiUygulamasi" */;
			buildPhases = (
				789E1EFB29B637BE002EE8C9 /* Sources */,
				789E1EFC29B637BE002EE8C9 /* Frameworks */,
				789E1EFD29B637BE002EE8C9 /* Resources */,
			);
			buildRules = (
			);
			dependencies = (
			);
			name = SayiTahminiUygulamasi;
			productName = SayiTahminiUygulamasi;
			productReference = 789E1EFF29B637BE002EE8C9 /* SayiTahminiUygulamasi.app */;
			productType = "com.apple.product-type.application";
		};
/* End PBXNativeTarget section */

/* Begin PBXProject section */
		789E1EF729B637BE002EE8C9 /* Project object */ = {
			isa = PBXProject;
			attributes = {
				BuildIndependentTargetsInParallel = 1;
				LastSwiftUpdateCheck = 1420;
				LastUpgradeCheck = 1420;
				TargetAttributes = {
					789E1EFE29B637BE002EE8C9 = {
						CreatedOnToolsVersion = 14.2;
					};
				};
			};
			buildConfigurationList = 789E1EFA29B637BE002EE8C9 /* Build configuration list for PBXProject "SayiTahminiUygulamasi" */;
			compatibilityVersion = "Xcode 14.0";
			developmentRegion = en;
			hasScannedForEncodings = 0;
			knownRegions = (
				en,
				Base,
			);
			mainGroup = 789E1EF629B637BE002EE8C9;
			productRefGroup = 789E1F0029B637BE002EE8C9 /* Products */;
			projectDirPath = "";
			projectRoot = "";
			targets = (
				789E1EFE29B637BE002EE8C9 /* SayiTahminiUygulamasi */,
			);
		};
/* End PBXProject section */

/* Begin PBXResourcesBuildPhase section */
		789E1EFD29B637BE002EE8C9 /* Resources */ = {
			isa = PBXResourcesBuildPhase;
			buildActionMask = 2147483647;
			files = (
				789E1F0F29B637BF002EE8C9 /* LaunchScreen.storyboard in Resources */,
				789E1F0C29B637BF002EE8C9 /* Assets.xcassets in Resources */,
				789E1F0A29B637BF002EE8C9 /* Main.storyboard in Resources */,
			);
			runOnlyForDeploymentPostprocessing = 0;
		};
/* End PBXResourcesBuildPhase section */

/* Begin PBXSourcesBuildPhase section */
		789E1EFB29B637BE002EE8C9 /* Sources */ = {
			isa = PBXSourcesBuildPhase;
			buildActionMask = 2147483647;
			files = (
				789E1F1929B74EBB002EE8C9 /* SonucEkraniVC.swift in Sources */,
				789E1F0729B637BF002EE8C9 /* ViewController.swift in Sources */,
				789E1F0329B637BE002EE8C9 /* AppDelegate.swift in Sources */,
				789E1F0529B637BE002EE8C9 /* SceneDelegate.swift in Sources */,
				789E1F1729B74E69002EE8C9 /* TahminEkraniVC.swift in Sources */,
			);
			runOnlyForDeploymentPostprocessing = 0;
		};
/* End PBXSourcesBuildPhase section */

/* Begin PBXVariantGroup section */
		789E1F0829B637BF002EE8C9 /* Main.storyboard */ = {
			isa = PBXVariantGroup;
			children = (
				789E1F0929B637BF002EE8C9 /* Base */,
			);
			name = Main.storyboard;
			sourceTree = "<group>";
		};
		789E1F0D29B637BF002EE8C9 /* LaunchScreen.storyboard */ = {
			isa = PBXVariantGroup;
			children = (
				789E1F0E29B637BF002EE8C9 /* Base */,
			);
			name = LaunchScreen.storyboard;
			sourceTree = "<group>";
		};
/* End PBXVariantGroup section */

/* Begin XCBuildConfiguration section */
		789E1F1129B637BF002EE8C9 /* Debug */ = {
			isa = XCBuildConfiguration;
			buildSettings = {
				ALWAYS_SEARCH_USER_PATHS = NO;
				CLANG_ANALYZER_NONNULL = YES;
				CLANG_ANALYZER_NUMBER_OBJECT_CONVERSION = YES_AGGRESSIVE;
				CLANG_CXX_LANGUAGE_STANDARD = "gnu++20";
				CLANG_ENABLE_MODULES = YES;
				CLANG_ENABLE_OBJC_ARC = YES;
				CLANG_ENABLE_OBJC_WEAK = YES;
				CLANG_WARN_BLOCK_CAPTURE_AUTORELEASING = YES;
				CLANG_WARN_BOOL_CONVERSION = YES;
				CLANG_WARN_COMMA = YES;
				CLANG_WARN_CONSTANT_CONVERSION = YES;
				CLANG_WARN_DEPRECATED_OBJC_IMPLEMENTATIONS = YES;
				CLANG_WARN_DIRECT_OBJC_ISA_USAGE = YES_ERROR;
				CLANG_WARN_DOCUMENTATION_COMMENTS = YES;
				CLANG_WARN_EMPTY_BODY = YES;
				CLANG_WARN_ENUM_CONVERSION = YES;
				CLANG_WARN_INFINITE_RECURSION = YES;
				CLANG_WARN_INT_CONVERSION = YES;
				CLANG_WARN_NON_LITERAL_NULL_CONVERSION = YES;
				CLANG_WARN_OBJC_IMPLICIT_RETAIN_SELF = YES;
				CLANG_WARN_OBJC_LITERAL_CONVERSION = YES;
				CLANG_WARN_OBJC_ROOT_CLASS = YES_ERROR;
				CLANG_WARN_QUOTED_INCLUDE_IN_FRAMEWORK_HEADER = YES;
				CLANG_WARN_RANGE_LOOP_ANALYSIS = YES;
				CLANG_WARN_STRICT_PROTOTYPES = YES;
				CLANG_WARN_SUSPICIOUS_MOVE = YES;
				CLANG_WARN_UNGUARDED_AVAILABILITY = YES_AGGRESSIVE;
				CLANG_WARN_UNREACHABLE_CODE = YES;
				CLANG_WARN__DUPLICATE_METHOD_MATCH = YES;
				COPY_PHASE_STRIP = NO;
				DEBUG_INFORMATION_FORMAT = dwarf;
				ENABLE_STRICT_OBJC_MSGSEND = YES;
				ENABLE_TESTABILITY = YES;
				GCC_C_LANGUAGE_STANDARD = gnu11;
				GCC_DYNAMIC_NO_PIC = NO;
				GCC_NO_COMMON_BLOCKS = YES;
				GCC_OPTIMIZATION_LEVEL = 0;
				GCC_PREPROCESSOR_DEFINITIONS = (
					"DEBUG=1",
					"$(inherited)",
				);
				GCC_WARN_64_TO_32_BIT_CONVERSION = YES;
				GCC_WARN_ABOUT_RETURN_TYPE = YES_ERROR;
				GCC_WARN_UNDECLARED_SELECTOR = YES;
				GCC_WARN_UNINITIALIZED_AUTOS = YES_AGGRESSIVE;
				GCC_WARN_UNUSED_FUNCTION = YES;
				GCC_WARN_UNUSED_VARIABLE = YES;
				IPHONEOS_DEPLOYMENT_TARGET = 16.2;
				MTL_ENABLE_DEBUG_INFO = INCLUDE_SOURCE;
				MTL_FAST_MATH = YES;
				ONLY_ACTIVE_ARCH = YES;
				SDKROOT = iphoneos;
				SWIFT_ACTIVE_COMPILATION_CONDITIONS = DEBUG;
				SWIFT_OPTIMIZATION_LEVEL = "-Onone";
			};
			name = Debug;
		};
		789E1F1229B637BF002EE8C9 /* Release */ = {
			isa = XCBuildConfiguration;
			buildSettings = {
				ALWAYS_SEARCH_USER_PATHS = NO;
				CLANG_ANALYZER_NONNULL = YES;
				CLANG_ANALYZER_NUMBER_OBJECT_CONVERSION = YES_AGGRESSIVE;
				CLANG_CXX_LANGUAGE_STANDARD = "gnu++20";
				CLANG_ENABLE_MODULES = YES;
				CLANG_ENABLE_OBJC_ARC = YES;
				CLANG_ENABLE_OBJC_WEAK = YES;
				CLANG_WARN_BLOCK_CAPTURE_AUTORELEASING = YES;
				CLANG_WARN_BOOL_CONVERSION = YES;
				CLANG_WARN_COMMA = YES;
				CLANG_WARN_CONSTANT_CONVERSION = YES;
				CLANG_WARN_DEPRECATED_OBJC_IMPLEMENTATIONS = YES;
				CLANG_WARN_DIRECT_OBJC_ISA_USAGE = YES_ERROR;
				CLANG_WARN_DOCUMENTATION_COMMENTS = YES;
				CLANG_WARN_EMPTY_BODY = YES;
				CLANG_WARN_ENUM_CONVERSION = YES;
				CLANG_WARN_INFINITE_RECURSION = YES;
				CLANG_WARN_INT_CONVERSION = YES;
				CLANG_WARN_NON_LITERAL_NULL_CONVERSION = YES;
				CLANG_WARN_OBJC_IMPLICIT_RETAIN_SELF = YES;
				CLANG_WARN_OBJC_LITERAL_CONVERSION = YES;
				CLANG_WARN_OBJC_ROOT_CLASS = YES_ERROR;
				CLANG_WARN_QUOTED_INCLUDE_IN_FRAMEWORK_HEADER = YES;
				CLANG_WARN_RANGE_LOOP_ANALYSIS = YES;
				CLANG_WARN_STRICT_PROTOTYPES = YES;
				CLANG_WARN_SUSPICIOUS_MOVE = YES;
				CLANG_WARN_UNGUARDED_AVAILABILITY = YES_AGGRESSIVE;
				CLANG_WARN_UNREACHABLE_CODE = YES;
				CLANG_WARN__DUPLICATE_METHOD_MATCH = YES;
				COPY_PHASE_STRIP = NO;
				DEBUG_INFORMATION_FORMAT = "dwarf-with-dsym";
				ENABLE_NS_ASSERTIONS = NO;
				ENABLE_STRICT_OBJC_MSGSEND = YES;
				GCC_C_LANGUAGE_STANDARD = gnu11;
				GCC_NO_COMMON_BLOCKS = YES;
				GCC_WARN_64_TO_32_BIT_CONVERSION = YES;
				GCC_WARN_ABOUT_RETURN_TYPE = YES_ERROR;
				GCC_WARN_UNDECLARED_SELECTOR = YES;
				GCC_WARN_UNINITIALIZED_AUTOS = YES_AGGRESSIVE;
				GCC_WARN_UNUSED_FUNCTION = YES;
				GCC_WARN_UNUSED_VARIABLE = YES;
				IPHONEOS_DEPLOYMENT_TARGET = 16.2;
				MTL_ENABLE_DEBUG_INFO = NO;
				MTL_FAST_MATH = YES;
				SDKROOT = iphoneos;
				SWIFT_COMPILATION_MODE = wholemodule;
				SWIFT_OPTIMIZATION_LEVEL = "-O";
				VALIDATE_PRODUCT = YES;
			};
			name = Release;
		};
		789E1F1429B637BF002EE8C9 /* Debug */ = {
			isa = XCBuildConfiguration;
			buildSettings = {
				ASSETCATALOG_COMPILER_APPICON_NAME = AppIcon;
				ASSETCATALOG_COMPILER_GLOBAL_ACCENT_COLOR_NAME = AccentColor;
				CODE_SIGN_STYLE = Automatic;
				CURRENT_PROJECT_VERSION = 1;
				DEVELOPMENT_TEAM = Z2X8TJ8NG6;
				GENERATE_INFOPLIST_FILE = YES;
				INFOPLIST_FILE = SayiTahminiUygulamasi/Info.plist;
				INFOPLIST_KEY_UIApplicationSupportsIndirectInputEvents = YES;
				INFOPLIST_KEY_UILaunchStoryboardName = LaunchScreen;
				INFOPLIST_KEY_UIMainStoryboardFile = Main;
				INFOPLIST_KEY_UISupportedInterfaceOrientations_iPad = "UIInterfaceOrientationPortrait UIInterfaceOrientationPortraitUpsideDown UIInterfaceOrientationLandscapeLeft UIInterfaceOrientationLandscapeRight";
				INFOPLIST_KEY_UISupportedInterfaceOrientations_iPhone = "UIInterfaceOrientationPortrait UIInterfaceOrientationLandscapeLeft UIInterfaceOrientationLandscapeRight";
				LD_RUNPATH_SEARCH_PATHS = (
					"$(inherited)",
					"@executable_path/Frameworks",
				);
				MARKETING_VERSION = 1.0;
				PRODUCT_BUNDLE_IDENTIFIER = bakihasanerturk.SayiTahminiUygulamasi;
				PRODUCT_NAME = "$(TARGET_NAME)";
				SWIFT_EMIT_LOC_STRINGS = YES;
				SWIFT_VERSION = 5.0;
				TARGETED_DEVICE_FAMILY = "1,2";
			};
			name = Debug;
		};
		789E1F1529B637BF002EE8C9 /* Release */ = {
			isa = XCBuildConfiguration;
			buildSettings = {
				ASSETCATALOG_COMPILER_APPICON_NAME = AppIcon;
				ASSETCATALOG_COMPILER_GLOBAL_ACCENT_COLOR_NAME = AccentColor;
				CODE_SIGN_STYLE = Automatic;
				CURRENT_PROJECT_VERSION = 1;
				DEVELOPMENT_TEAM = Z2X8TJ8NG6;
				GENERATE_INFOPLIST_FILE = YES;
				INFOPLIST_FILE = SayiTahminiUygulamasi/Info.plist;
				INFOPLIST_KEY_UIApplicationSupportsIndirectInputEvents = YES;
				INFOPLIST_KEY_UILaunchStoryboardName = LaunchScreen;
				INFOPLIST_KEY_UIMainStoryboardFile = Main;
				INFOPLIST_KEY_UISupportedInterfaceOrientations_iPad = "UIInterfaceOrientationPortrait UIInterfaceOrientationPortraitUpsideDown UIInterfaceOrientationLandscapeLeft UIInterfaceOrientationLandscapeRight";
				INFOPLIST_KEY_UISupportedInterfaceOrientations_iPhone = "UIInterfaceOrientationPortrait UIInterfaceOrientationLandscapeLeft UIInterfaceOrientationLandscapeRight";
				LD_RUNPATH_SEARCH_PATHS = (
					"$(inherited)",
					"@executable_path/Frameworks",
				);
				MARKETING_VERSION = 1.0;
				PRODUCT_BUNDLE_IDENTIFIER = bakihasanerturk.SayiTahminiUygulamasi;
				PRODUCT_NAME = "$(TARGET_NAME)";
				SWIFT_EMIT_LOC_STRINGS = YES;
				SWIFT_VERSION = 5.0;
				TARGETED_DEVICE_FAMILY = "1,2";
			};
			name = Release;
		};
/* End XCBuildConfiguration section */

/* Begin XCConfigurationList section */
		789E1EFA29B637BE002EE8C9 /* Build configuration list for PBXProject "SayiTahminiUygulamasi" */ = {
			isa = XCConfigurationList;
			buildConfigurations = (
				789E1F1129B637BF002EE8C9 /* Debug */,
				789E1F1229B637BF002EE8C9 /* Release */,
			);
			defaultConfigurationIsVisible = 0;
			defaultConfigurationName = Release;
		};
		789E1F1329B637BF002EE8C9 /* Build configuration list for PBXNativeTarget "SayiTahminiUygulamasi" */ = {
			isa = XCConfigurationList;
			buildConfigurations = (
				789E1F1429B637BF002EE8C9 /* Debug */,
				789E1F1529B637BF002EE8C9 /* Release */,
			);
			defaultConfigurationIsVisible = 0;
			defaultConfigurationName = Release;
		};
/* End XCConfigurationList section */
	};
	rootObject = 789E1EF729B637BE002EE8C9 /* Project object */;
}
